
Microsoft Visual Studio Solution File, Format Version 12.00
# Visual Studio 15
VisualStudioVersion = 15.0.28307.572
MinimumVisualStudioVersion = 10.0.40219.1
Project("{FAE04EC0-301F-11D3-BF4B-00C04F79EFBC}") = "TECHNO", "TECHNO\TECHNO.csproj", "{C638A358-D46B-497A-9879-8B0300792A7E}"
EndProject
Global
	GlobalSection(SolutionConfigurationPlatforms) = preSolution
		Debug|Any CPU = Debug|Any CPU
		Release|Any CPU = Release|Any CPU
	EndGlobalSection
	GlobalSection(ProjectConfigurationPlatforms) = postSolution
		{C638A358-D46B-497A-9879-8B0300792A7E}.Debug|Any CPU.ActiveCfg = Debug|Any CPU
		{C638A358-D46B-497A-9879-8B0300792A7E}.Debug|Any CPU.Build.0 = Debug|Any CPU
		{C638A358-D46B-497A-9879-8B0300792A7E}.Release|Any CPU.ActiveCfg = Release|Any CPU
		{C638A358-D46B-497A-9879-8B0300792A7E}.Release|Any CPU.Build.0 = Release|Any CPU
	EndGlobalSection
	GlobalSection(SolutionProperties) = preSolution
		HideSolutionNode = FALSE
	EndGlobalSection
	GlobalSection(ExtensibilityGlobals) = postSolution
		SolutionGuid = {41A865BB-3C66-45B3-A974-79EC94A40F30}
	EndGlobalSection
EndGlobal
