
Microsoft Visual Studio Solution File, Format Version 12.00
# Visual Studio 15
VisualStudioVersion = 15.0.28307.572
MinimumVisualStudioVersion = 10.0.40219.1
Project("{FAE04EC0-301F-11D3-BF4B-00C04F79EFBC}") = "8 LUNA CURENTA", "8 LUNA CURENTA\8 LUNA CURENTA.csproj", "{EB106582-FB1C-4C34-82D1-152714400DEC}"
EndProject
Global
	GlobalSection(SolutionConfigurationPlatforms) = preSolution
		Debug|Any CPU = Debug|Any CPU
		Release|Any CPU = Release|Any CPU
	EndGlobalSection
	GlobalSection(ProjectConfigurationPlatforms) = postSolution
		{EB106582-FB1C-4C34-82D1-152714400DEC}.Debug|Any CPU.ActiveCfg = Debug|Any CPU
		{EB106582-FB1C-4C34-82D1-152714400DEC}.Debug|Any CPU.Build.0 = Debug|Any CPU
		{EB106582-FB1C-4C34-82D1-152714400DEC}.Release|Any CPU.ActiveCfg = Release|Any CPU
		{EB106582-FB1C-4C34-82D1-152714400DEC}.Release|Any CPU.Build.0 = Release|Any CPU
	EndGlobalSection
	GlobalSection(SolutionProperties) = preSolution
		HideSolutionNode = FALSE
	EndGlobalSection
	GlobalSection(ExtensibilityGlobals) = postSolution
		SolutionGuid = {7477EC7C-B8BF-4165-94AC-9A18BAD67D07}
	EndGlobalSection
EndGlobal
