
Microsoft Visual Studio Solution File, Format Version 12.00
# Visual Studio 15
VisualStudioVersion = 15.0.28307.572
MinimumVisualStudioVersion = 10.0.40219.1
Project("{FAE04EC0-301F-11D3-BF4B-00C04F79EFBC}") = "Random-Assigment-Directive-Unit", "Random-Assigment-Directive-Unit\Random-Assigment-Directive-Unit.csproj", "{EC51AF96-98D0-43CE-BF4A-0BBB2271A5E3}"
EndProject
Global
	GlobalSection(SolutionConfigurationPlatforms) = preSolution
		Debug|Any CPU = Debug|Any CPU
		Release|Any CPU = Release|Any CPU
	EndGlobalSection
	GlobalSection(ProjectConfigurationPlatforms) = postSolution
		{EC51AF96-98D0-43CE-BF4A-0BBB2271A5E3}.Debug|Any CPU.ActiveCfg = Debug|Any CPU
		{EC51AF96-98D0-43CE-BF4A-0BBB2271A5E3}.Debug|Any CPU.Build.0 = Debug|Any CPU
		{EC51AF96-98D0-43CE-BF4A-0BBB2271A5E3}.Release|Any CPU.ActiveCfg = Release|Any CPU
		{EC51AF96-98D0-43CE-BF4A-0BBB2271A5E3}.Release|Any CPU.Build.0 = Release|Any CPU
	EndGlobalSection
	GlobalSection(SolutionProperties) = preSolution
		HideSolutionNode = FALSE
	EndGlobalSection
	GlobalSection(ExtensibilityGlobals) = postSolution
		SolutionGuid = {0B48F45A-B6AD-4997-9209-80B087AA20AC}
	EndGlobalSection
EndGlobal
